
Microsoft Visual Studio Solution File, Format Version 12.00
# Visual Studio Version 16
VisualStudioVersion = 16.0.31702.278
MinimumVisualStudioVersion = 10.0.40219.1
Project("{9A19103F-16F7-4668-BE54-9A1E7A4F7556}") = "DREM-API", "DREM-API\DREM-API.csproj", "{7A1F37B0-22D4-4773-A7C3-0B1D26AC3853}"
EndProject
Project("{9A19103F-16F7-4668-BE54-9A1E7A4F7556}") = "AlgorandAuthentication", "AlgorandAuthentication\AlgorandAuthentication.csproj", "{37FAEE61-59F4-460E-A2C6-2344CEDDB21A}"
EndProject
Global
	GlobalSection(SolutionConfigurationPlatforms) = preSolution
		Debug|Any CPU = Debug|Any CPU
		Release|Any CPU = Release|Any CPU
	EndGlobalSection
	GlobalSection(ProjectConfigurationPlatforms) = postSolution
		{7A1F37B0-22D4-4773-A7C3-0B1D26AC3853}.Debug|Any CPU.ActiveCfg = Debug|Any CPU
		{7A1F37B0-22D4-4773-A7C3-0B1D26AC3853}.Debug|Any CPU.Build.0 = Debug|Any CPU
		{7A1F37B0-22D4-4773-A7C3-0B1D26AC3853}.Release|Any CPU.ActiveCfg = Release|Any CPU
		{7A1F37B0-22D4-4773-A7C3-0B1D26AC3853}.Release|Any CPU.Build.0 = Release|Any CPU
		{37FAEE61-59F4-460E-A2C6-2344CEDDB21A}.Debug|Any CPU.ActiveCfg = Debug|Any CPU
		{37FAEE61-59F4-460E-A2C6-2344CEDDB21A}.Debug|Any CPU.Build.0 = Debug|Any CPU
		{37FAEE61-59F4-460E-A2C6-2344CEDDB21A}.Release|Any CPU.ActiveCfg = Release|Any CPU
		{37FAEE61-59F4-460E-A2C6-2344CEDDB21A}.Release|Any CPU.Build.0 = Release|Any CPU
	EndGlobalSection
	GlobalSection(SolutionProperties) = preSolution
		HideSolutionNode = FALSE
	EndGlobalSection
	GlobalSection(ExtensibilityGlobals) = postSolution
		SolutionGuid = {5C95B0CE-B94B-4A46-8E2A-64E862ED3778}
	EndGlobalSection
EndGlobal
